
Microsoft Visual Studio Solution File, Format Version 12.00
# Visual Studio Version 17
VisualStudioVersion = 17.10.35122.118
MinimumVisualStudioVersion = 10.0.40219.1
Project("{9A19103F-16F7-4668-BE54-9A1E7A4F7556}") = "ENVANTERYONETIMI", "ENVANTERYONETIMI\ENVANTERYONETIMI.csproj", "{795011AB-D790-45B8-B8E5-CD037334602A}"
EndProject
Global
	GlobalSection(SolutionConfigurationPlatforms) = preSolution
		Debug|Any CPU = Debug|Any CPU
		Release|Any CPU = Release|Any CPU
	EndGlobalSection
	GlobalSection(ProjectConfigurationPlatforms) = postSolution
		{795011AB-D790-45B8-B8E5-CD037334602A}.Debug|Any CPU.ActiveCfg = Release|Any CPU
		{795011AB-D790-45B8-B8E5-CD037334602A}.Debug|Any CPU.Build.0 = Release|Any CPU
		{795011AB-D790-45B8-B8E5-CD037334602A}.Release|Any CPU.ActiveCfg = Release|Any CPU
		{795011AB-D790-45B8-B8E5-CD037334602A}.Release|Any CPU.Build.0 = Release|Any CPU
	EndGlobalSection
	GlobalSection(SolutionProperties) = preSolution
		HideSolutionNode = FALSE
	EndGlobalSection
	GlobalSection(ExtensibilityGlobals) = postSolution
		SolutionGuid = {463D01F4-D3A2-4F5D-87A3-8F2B03C06E97}
	EndGlobalSection
EndGlobal
